
Microsoft Visual Studio Solution File, Format Version 12.00
# Visual Studio Version 17
VisualStudioVersion = 17.13.35913.81 d17.13
MinimumVisualStudioVersion = 10.0.40219.1
Project("{FAE04EC0-301F-11D3-BF4B-00C04F79EFBC}") = "COMP0003.LectureActivity6", "COMP0003.LectureActivity6\COMP0003.LectureActivity6.csproj", "{60714D8F-FACE-4F57-BCFB-1F2E09FD7918}"
EndProject
Global
	GlobalSection(SolutionConfigurationPlatforms) = preSolution
		Debug|Any CPU = Debug|Any CPU
		Release|Any CPU = Release|Any CPU
	EndGlobalSection
	GlobalSection(ProjectConfigurationPlatforms) = postSolution
		{60714D8F-FACE-4F57-BCFB-1F2E09FD7918}.Debug|Any CPU.ActiveCfg = Debug|Any CPU
		{60714D8F-FACE-4F57-BCFB-1F2E09FD7918}.Debug|Any CPU.Build.0 = Debug|Any CPU
		{60714D8F-FACE-4F57-BCFB-1F2E09FD7918}.Release|Any CPU.ActiveCfg = Release|Any CPU
		{60714D8F-FACE-4F57-BCFB-1F2E09FD7918}.Release|Any CPU.Build.0 = Release|Any CPU
	EndGlobalSection
	GlobalSection(SolutionProperties) = preSolution
		HideSolutionNode = FALSE
	EndGlobalSection
	GlobalSection(ExtensibilityGlobals) = postSolution
		SolutionGuid = {A6913CAA-5B6E-42D7-A890-7FB7BFEE7F9D}
	EndGlobalSection
EndGlobal
